
Microsoft Visual Studio Solution File, Format Version 12.00
# Visual Studio Version 17
VisualStudioVersion = 17.1.32210.238
MinimumVisualStudioVersion = 10.0.40219.1
Project("{FAE04EC0-301F-11D3-BF4B-00C04F79EFBC}") = "Week12", "Week12.csproj", "{E747CF5A-5415-4FC5-A15D-6140A04E445E}"
EndProject
Global
	GlobalSection(SolutionConfigurationPlatforms) = preSolution
		Debug|Any CPU = Debug|Any CPU
		Release|Any CPU = Release|Any CPU
	EndGlobalSection
	GlobalSection(ProjectConfigurationPlatforms) = postSolution
		{E747CF5A-5415-4FC5-A15D-6140A04E445E}.Debug|Any CPU.ActiveCfg = Debug|Any CPU
		{E747CF5A-5415-4FC5-A15D-6140A04E445E}.Debug|Any CPU.Build.0 = Debug|Any CPU
		{E747CF5A-5415-4FC5-A15D-6140A04E445E}.Release|Any CPU.ActiveCfg = Release|Any CPU
		{E747CF5A-5415-4FC5-A15D-6140A04E445E}.Release|Any CPU.Build.0 = Release|Any CPU
	EndGlobalSection
	GlobalSection(SolutionProperties) = preSolution
		HideSolutionNode = FALSE
	EndGlobalSection
	GlobalSection(ExtensibilityGlobals) = postSolution
		SolutionGuid = {CF5E340D-10A0-461C-BDC3-FB194BA9853E}
	EndGlobalSection
EndGlobal
