
Microsoft Visual Studio Solution File, Format Version 12.00
# Visual Studio Version 17
VisualStudioVersion = 17.1.32210.238
MinimumVisualStudioVersion = 10.0.40219.1
Project("{FAE04EC0-301F-11D3-BF4B-00C04F79EFBC}") = "WebApplication1", "WebApplication1.csproj", "{CA427460-F611-450B-8785-501B5F708E22}"
EndProject
Global
	GlobalSection(SolutionConfigurationPlatforms) = preSolution
		Debug|Any CPU = Debug|Any CPU
		Release|Any CPU = Release|Any CPU
	EndGlobalSection
	GlobalSection(ProjectConfigurationPlatforms) = postSolution
		{CA427460-F611-450B-8785-501B5F708E22}.Debug|Any CPU.ActiveCfg = Debug|Any CPU
		{CA427460-F611-450B-8785-501B5F708E22}.Debug|Any CPU.Build.0 = Debug|Any CPU
		{CA427460-F611-450B-8785-501B5F708E22}.Release|Any CPU.ActiveCfg = Release|Any CPU
		{CA427460-F611-450B-8785-501B5F708E22}.Release|Any CPU.Build.0 = Release|Any CPU
	EndGlobalSection
	GlobalSection(SolutionProperties) = preSolution
		HideSolutionNode = FALSE
	EndGlobalSection
	GlobalSection(ExtensibilityGlobals) = postSolution
		SolutionGuid = {B8A97B63-CD8B-40F3-BFA0-9E1E5E143A3D}
	EndGlobalSection
EndGlobal
