
Microsoft Visual Studio Solution File, Format Version 12.00
# Visual Studio Version 17
VisualStudioVersion = 17.1.32228.430
MinimumVisualStudioVersion = 10.0.40219.1
Project("{FAE04EC0-301F-11D3-BF4B-00C04F79EFBC}") = "Week1", "Week1\Week1.csproj", "{989F2C2F-A0F9-4570-AF2B-21F5AA9C367E}"
EndProject
Global
	GlobalSection(SolutionConfigurationPlatforms) = preSolution
		Debug|Any CPU = Debug|Any CPU
		Release|Any CPU = Release|Any CPU
	EndGlobalSection
	GlobalSection(ProjectConfigurationPlatforms) = postSolution
		{989F2C2F-A0F9-4570-AF2B-21F5AA9C367E}.Debug|Any CPU.ActiveCfg = Debug|Any CPU
		{989F2C2F-A0F9-4570-AF2B-21F5AA9C367E}.Debug|Any CPU.Build.0 = Debug|Any CPU
		{989F2C2F-A0F9-4570-AF2B-21F5AA9C367E}.Release|Any CPU.ActiveCfg = Release|Any CPU
		{989F2C2F-A0F9-4570-AF2B-21F5AA9C367E}.Release|Any CPU.Build.0 = Release|Any CPU
	EndGlobalSection
	GlobalSection(SolutionProperties) = preSolution
		HideSolutionNode = FALSE
	EndGlobalSection
	GlobalSection(ExtensibilityGlobals) = postSolution
		SolutionGuid = {2AC54471-C767-4CA3-A5D4-2EC5970D6276}
	EndGlobalSection
EndGlobal
